
Microsoft Visual Studio Solution File, Format Version 12.00
# Visual Studio 15
VisualStudioVersion = 15.0.27703.2042
MinimumVisualStudioVersion = 10.0.40219.1
Project("{FAE04EC0-301F-11D3-BF4B-00C04F79EFBC}") = "EulerLargestPalindromeProduct", "EulerLargestPalindromeProduct\EulerLargestPalindromeProduct.csproj", "{CE5B5D57-A488-4B44-8FB2-D5A0C70A3EC5}"
EndProject
Global
	GlobalSection(SolutionConfigurationPlatforms) = preSolution
		Debug|Any CPU = Debug|Any CPU
		Release|Any CPU = Release|Any CPU
	EndGlobalSection
	GlobalSection(ProjectConfigurationPlatforms) = postSolution
		{CE5B5D57-A488-4B44-8FB2-D5A0C70A3EC5}.Debug|Any CPU.ActiveCfg = Debug|Any CPU
		{CE5B5D57-A488-4B44-8FB2-D5A0C70A3EC5}.Debug|Any CPU.Build.0 = Debug|Any CPU
		{CE5B5D57-A488-4B44-8FB2-D5A0C70A3EC5}.Release|Any CPU.ActiveCfg = Release|Any CPU
		{CE5B5D57-A488-4B44-8FB2-D5A0C70A3EC5}.Release|Any CPU.Build.0 = Release|Any CPU
	EndGlobalSection
	GlobalSection(SolutionProperties) = preSolution
		HideSolutionNode = FALSE
	EndGlobalSection
	GlobalSection(ExtensibilityGlobals) = postSolution
		SolutionGuid = {F00C0030-FB9D-4BD2-A6A5-CE889524FA7D}
	EndGlobalSection
EndGlobal
